// !$*UTF8*$!
{
	archiveVersion = 1;
	classes = {
	};
	objectVersion = 46;
	objects = {

/* Begin PBXBuildFile section */
		0277A21A660EFCF41027A1B3 /* tinyxmlparser.cpp in Sources */ = {isa = PBXBuildFile; fileRef = ADF09787D5B235F9D9229EA1 /* tinyxmlparser.cpp */; };
		0E078B7E1E16772F004595EF /* BaseElement.mm in Sources */ = {isa = PBXBuildFile; fileRef = 0E078B721E16772F004595EF /* BaseElement.mm */; };
		0E078B7F1E16772F004595EF /* Particle.mm in Sources */ = {isa = PBXBuildFile; fileRef = 0E078B741E16772F004595EF /* Particle.mm */; };
		0E078B801E16772F004595EF /* ParticleSystem.mm in Sources */ = {isa = PBXBuildFile; fileRef = 0E078B761E16772F004595EF /* ParticleSystem.mm */; };
		0E078B811E16772F004595EF /* Actuator.mm in Sources */ = {isa = PBXBuildFile; fileRef = 0E078B781E16772F004595EF /* Actuator.mm */; };
		0E078B831E16772F004595EF /* Polygone.mm in Sources */ = {isa = PBXBuildFile; fileRef = 0E078B7C1E16772F004595EF /* Polygone.mm */; };
		0E078B891E168984004595EF /* Receptor.mm in Sources */ = {isa = PBXBuildFile; fileRef = 0E078B871E168984004595EF /* Receptor.mm */; };
		0E22F05E1E0A8A8500197899 /* Text.mm in Sources */ = {isa = PBXBuildFile; fileRef = 0E22F05C1E0A8A8500197899 /* Text.mm */; };
		0E2775A91E196FC200A9BD2D /* data in Resources */ = {isa = PBXBuildFile; fileRef = 0E2775A81E196FC200A9BD2D /* data */; };
		0E4C31DF1E1EC7B0006B5AE4 /* Levels.mm in Sources */ = {isa = PBXBuildFile; fileRef = 0E4C31DD1E1EC7B0006B5AE4 /* Levels.mm */; };
		0E4C31FC1E2196EA006B5AE4 /* assert.cpp in Sources */ = {isa = PBXBuildFile; fileRef = 0E4C31F71E2196EA006B5AE4 /* assert.cpp */; };
		0E4C31FD1E2196EA006B5AE4 /* del_impl.cpp in Sources */ = {isa = PBXBuildFile; fileRef = 0E4C31F81E2196EA006B5AE4 /* del_impl.cpp */; };
		0E4C31FE1E2196EA006B5AE4 /* ofxTriangle.cpp in Sources */ = {isa = PBXBuildFile; fileRef = 0E4C31FA1E2196EA006B5AE4 /* ofxTriangle.cpp */; };
		0E4C320A1E229D6D006B5AE4 /* Options.mm in Sources */ = {isa = PBXBuildFile; fileRef = 0E4C32081E229D6D006B5AE4 /* Options.mm */; };
		0E4C320D1E229DDA006B5AE4 /* SceneMenu.mm in Sources */ = {isa = PBXBuildFile; fileRef = 0E4C320B1E229DDA006B5AE4 /* SceneMenu.mm */; };
		0E9BFF901E043B97007F9857 /* GameManager.mm in Sources */ = {isa = PBXBuildFile; fileRef = 0E9BFF8E1E043B97007F9857 /* GameManager.mm */; };
		0E9BFF931E043DF1007F9857 /* Button.mm in Sources */ = {isa = PBXBuildFile; fileRef = 0E9BFF911E043DF1007F9857 /* Button.mm */; };
		0E9BFF971E0442A3007F9857 /* Interface.mm in Sources */ = {isa = PBXBuildFile; fileRef = 0E9BFF951E0442A3007F9857 /* Interface.mm */; };
		0E9BFF9A1E053B07007F9857 /* Screen.mm in Sources */ = {isa = PBXBuildFile; fileRef = 0E9BFF981E053B07007F9857 /* Screen.mm */; };
		0E9BFF9F1E053C25007F9857 /* Menu.mm in Sources */ = {isa = PBXBuildFile; fileRef = 0E9BFF9D1E053C25007F9857 /* Menu.mm */; };
		0E9BFFA21E055051007F9857 /* ScreenPipeline.mm in Sources */ = {isa = PBXBuildFile; fileRef = 0E9BFFA01E055051007F9857 /* ScreenPipeline.mm */; };
		0E9BFFA71E0553D9007F9857 /* SplashScreen.mm in Sources */ = {isa = PBXBuildFile; fileRef = 0E9BFFA51E0553D9007F9857 /* SplashScreen.mm */; };
		0E9BFFAF1E055958007F9857 /* Scene.mm in Sources */ = {isa = PBXBuildFile; fileRef = 0E9BFFAD1E055958007F9857 /* Scene.mm */; };
		0EEE15FA1E24453D0055CD18 /* NextLevel.mm in Sources */ = {isa = PBXBuildFile; fileRef = 0EEE15F81E24453D0055CD18 /* NextLevel.mm */; };
		0EEE15FD1E2449A10055CD18 /* End.mm in Sources */ = {isa = PBXBuildFile; fileRef = 0EEE15FB1E2449A10055CD18 /* End.mm */; };
		1D60589F0D05DD5A006BFB54 /* Foundation.framework in Frameworks */ = {isa = PBXBuildFile; fileRef = 1D30AB110D05D00D00671497 /* Foundation.framework */; };
		1DF5F4E00D08C38300B7A737 /* UIKit.framework in Frameworks */ = {isa = PBXBuildFile; fileRef = 1DF5F4DF0D08C38300B7A737 /* UIKit.framework */; };
		288765FD0DF74451002DB57D /* CoreGraphics.framework in Frameworks */ = {isa = PBXBuildFile; fileRef = 288765FC0DF74451002DB57D /* CoreGraphics.framework */; };
		5326AEA810A23A0500278DE6 /* CoreLocation.framework in Frameworks */ = {isa = PBXBuildFile; fileRef = 5326AEA710A23A0500278DE6 /* CoreLocation.framework */; };
		53F323EB10A20EDB00E0DAE4 /* OpenAL.framework in Frameworks */ = {isa = PBXBuildFile; fileRef = 53F323EA10A20EDB00E0DAE4 /* OpenAL.framework */; };
		678E130817951530005B6D19 /* Icon@2x.png in Resources */ = {isa = PBXBuildFile; fileRef = 678E130717951530005B6D19 /* Icon@2x.png */; };
		678E130A17951536005B6D19 /* Icon.png in Resources */ = {isa = PBXBuildFile; fileRef = 678E130917951536005B6D19 /* Icon.png */; };
		678E130C1795153C005B6D19 /* Default.png in Resources */ = {isa = PBXBuildFile; fileRef = 678E130B1795153C005B6D19 /* Default.png */; };
		678E130E17951540005B6D19 /* Default@2x.png in Resources */ = {isa = PBXBuildFile; fileRef = 678E130D17951540005B6D19 /* Default@2x.png */; };
		678E131017951549005B6D19 /* Default-568h@2x~iphone.png in Resources */ = {isa = PBXBuildFile; fileRef = 678E130F17951549005B6D19 /* Default-568h@2x~iphone.png */; };
		67DFA53619F92A69003B3434 /* Accelerate.framework in Frameworks */ = {isa = PBXBuildFile; fileRef = 67DFA53419F92A5E003B3434 /* Accelerate.framework */; };
		BB16EBD20F2B2A9500518274 /* OpenGLES.framework in Frameworks */ = {isa = PBXBuildFile; fileRef = BB16EBD10F2B2A9500518274 /* OpenGLES.framework */; };
		BB16EBD90F2B2AB500518274 /* QuartzCore.framework in Frameworks */ = {isa = PBXBuildFile; fileRef = BB16EBD80F2B2AB500518274 /* QuartzCore.framework */; };
		BBE5EAB80F49AD8400F28951 /* AudioToolbox.framework in Frameworks */ = {isa = PBXBuildFile; fileRef = BBE5EAB70F49AD8400F28951 /* AudioToolbox.framework */; };
		C32E84B046A417CA7171613C /* tinyxml.cpp in Sources */ = {isa = PBXBuildFile; fileRef = 01BFB02058838D6D4FB2BDEF /* tinyxml.cpp */; };
		DDA2E262B07659E1DBBB4D5E /* ofxXmlSettings.cpp in Sources */ = {isa = PBXBuildFile; fileRef = 838641676071429BC0FDDF2F /* ofxXmlSettings.cpp */; };
		E41D400B13B39D2100A75A5D /* AVFoundation.framework in Frameworks */ = {isa = PBXBuildFile; fileRef = E41D400613B39D2100A75A5D /* AVFoundation.framework */; };
		E41D400C13B39D2100A75A5D /* CoreMedia.framework in Frameworks */ = {isa = PBXBuildFile; fileRef = E41D400713B39D2100A75A5D /* CoreMedia.framework */; };
		E41D400D13B39D2100A75A5D /* CoreVideo.framework in Frameworks */ = {isa = PBXBuildFile; fileRef = E41D400813B39D2100A75A5D /* CoreVideo.framework */; };
		E41D400E13B39D2100A75A5D /* MapKit.framework in Frameworks */ = {isa = PBXBuildFile; fileRef = E41D400913B39D2100A75A5D /* MapKit.framework */; };
		E41D421413B3A95300A75A5D /* libofxiOS_iphoneos_Debug.a in Frameworks */ = {isa = PBXBuildFile; fileRef = E41D410213B3A0D800A75A5D /* libofxiOS_iphoneos_Debug.a */; };
		E4D8936E11527B74007E1F53 /* main.mm in Sources */ = {isa = PBXBuildFile; fileRef = E4D8936B11527B74007E1F53 /* main.mm */; };
		E4D8936F11527B74007E1F53 /* ofApp.mm in Sources */ = {isa = PBXBuildFile; fileRef = E4D8936D11527B74007E1F53 /* ofApp.mm */; };
		F00B7884241FB2CD87F076E0 /* tinyxmlerror.cpp in Sources */ = {isa = PBXBuildFile; fileRef = CBB64D2C25429FDFC72F13CE /* tinyxmlerror.cpp */; };
/* End PBXBuildFile section */

/* Begin PBXContainerItemProxy section */
		E41D410113B3A0D800A75A5D /* PBXContainerItemProxy */ = {
			isa = PBXContainerItemProxy;
			containerPortal = E41D40FD13B3A0D800A75A5D /* iOS+OFLib.xcodeproj */;
			proxyType = 2;
			remoteGlobalIDString = BB24DED610DA7A3F00E9C588;
			remoteInfo = "iPhone+OF Static Library";
		};
		E41D410313B3A11300A75A5D /* PBXContainerItemProxy */ = {
			isa = PBXContainerItemProxy;
			containerPortal = E41D40FD13B3A0D800A75A5D /* iOS+OFLib.xcodeproj */;
			proxyType = 1;
			remoteGlobalIDString = BB24DE5C10DA7A3F00E9C588;
			remoteInfo = "iPhone+OF Static Library";
		};
/* End PBXContainerItemProxy section */

/* Begin PBXFileReference section */
		01BFB02058838D6D4FB2BDEF /* tinyxml.cpp */ = {isa = PBXFileReference; explicitFileType = sourcecode.cpp.cpp; fileEncoding = 30; name = tinyxml.cpp; path = ../../../../../../Code/OpenFrameworks/of_v0.9.8_ios_release/addons/ofxXmlSettings/libs/tinyxml.cpp; sourceTree = SOURCE_ROOT; };
		0E078B721E16772F004595EF /* BaseElement.mm */ = {isa = PBXFileReference; fileEncoding = 4; lastKnownFileType = sourcecode.cpp.objcpp; path = BaseElement.mm; sourceTree = "<group>"; };
		0E078B731E16772F004595EF /* BaseElement.h */ = {isa = PBXFileReference; fileEncoding = 4; lastKnownFileType = sourcecode.c.h; path = BaseElement.h; sourceTree = "<group>"; };
		0E078B741E16772F004595EF /* Particle.mm */ = {isa = PBXFileReference; fileEncoding = 4; lastKnownFileType = sourcecode.cpp.objcpp; path = Particle.mm; sourceTree = "<group>"; };
		0E078B751E16772F004595EF /* Particle.h */ = {isa = PBXFileReference; fileEncoding = 4; lastKnownFileType = sourcecode.c.h; path = Particle.h; sourceTree = "<group>"; };
		0E078B761E16772F004595EF /* ParticleSystem.mm */ = {isa = PBXFileReference; fileEncoding = 4; lastKnownFileType = sourcecode.cpp.objcpp; path = ParticleSystem.mm; sourceTree = "<group>"; };
		0E078B771E16772F004595EF /* ParticleSystem.h */ = {isa = PBXFileReference; fileEncoding = 4; lastKnownFileType = sourcecode.c.h; path = ParticleSystem.h; sourceTree = "<group>"; };
		0E078B781E16772F004595EF /* Actuator.mm */ = {isa = PBXFileReference; fileEncoding = 4; lastKnownFileType = sourcecode.cpp.objcpp; path = Actuator.mm; sourceTree = "<group>"; };
		0E078B791E16772F004595EF /* Actuator.h */ = {isa = PBXFileReference; fileEncoding = 4; lastKnownFileType = sourcecode.c.h; path = Actuator.h; sourceTree = "<group>"; };
		0E078B7C1E16772F004595EF /* Polygone.mm */ = {isa = PBXFileReference; fileEncoding = 4; lastKnownFileType = sourcecode.cpp.objcpp; path = Polygone.mm; sourceTree = "<group>"; };
		0E078B7D1E16772F004595EF /* Polygone.h */ = {isa = PBXFileReference; fileEncoding = 4; lastKnownFileType = sourcecode.c.h; path = Polygone.h; sourceTree = "<group>"; };
		0E078B871E168984004595EF /* Receptor.mm */ = {isa = PBXFileReference; fileEncoding = 4; lastKnownFileType = sourcecode.cpp.objcpp; path = Receptor.mm; sourceTree = "<group>"; };
		0E078B881E168984004595EF /* Receptor.h */ = {isa = PBXFileReference; fileEncoding = 4; lastKnownFileType = sourcecode.c.h; path = Receptor.h; sourceTree = "<group>"; };
		0E22F05C1E0A8A8500197899 /* Text.mm */ = {isa = PBXFileReference; fileEncoding = 4; lastKnownFileType = sourcecode.cpp.objcpp; path = Text.mm; sourceTree = "<group>"; };
		0E22F05D1E0A8A8500197899 /* Text.h */ = {isa = PBXFileReference; fileEncoding = 4; lastKnownFileType = sourcecode.c.h; path = Text.h; sourceTree = "<group>"; };
		0E2775A81E196FC200A9BD2D /* data */ = {isa = PBXFileReference; lastKnownFileType = folder; name = data; path = bin/data; sourceTree = "<group>"; };
		0E4C31DD1E1EC7B0006B5AE4 /* Levels.mm */ = {isa = PBXFileReference; fileEncoding = 4; lastKnownFileType = sourcecode.cpp.objcpp; path = Levels.mm; sourceTree = "<group>"; };
		0E4C31DE1E1EC7B0006B5AE4 /* Levels.h */ = {isa = PBXFileReference; fileEncoding = 4; lastKnownFileType = sourcecode.c.h; path = Levels.h; sourceTree = "<group>"; };
		0E4C31F11E2196EA006B5AE4 /* assert.hpp */ = {isa = PBXFileReference; fileEncoding = 4; lastKnownFileType = sourcecode.cpp.h; path = assert.hpp; sourceTree = "<group>"; };
		0E4C31F21E2196EA006B5AE4 /* del_interface.hpp */ = {isa = PBXFileReference; fileEncoding = 4; lastKnownFileType = sourcecode.cpp.h; path = del_interface.hpp; sourceTree = "<group>"; };
		0E4C31F31E2196EA006B5AE4 /* dpoint.hpp */ = {isa = PBXFileReference; fileEncoding = 4; lastKnownFileType = sourcecode.cpp.h; path = dpoint.hpp; sourceTree = "<group>"; };
		0E4C31F41E2196EA006B5AE4 /* triangle.h */ = {isa = PBXFileReference; fileEncoding = 4; lastKnownFileType = sourcecode.c.h; path = triangle.h; sourceTree = "<group>"; };
		0E4C31F51E2196EA006B5AE4 /* triangle_impl.hpp */ = {isa = PBXFileReference; fileEncoding = 4; lastKnownFileType = sourcecode.cpp.h; path = triangle_impl.hpp; sourceTree = "<group>"; };
		0E4C31F71E2196EA006B5AE4 /* assert.cpp */ = {isa = PBXFileReference; fileEncoding = 4; lastKnownFileType = sourcecode.cpp.cpp; path = assert.cpp; sourceTree = "<group>"; };
		0E4C31F81E2196EA006B5AE4 /* del_impl.cpp */ = {isa = PBXFileReference; fileEncoding = 4; lastKnownFileType = sourcecode.cpp.cpp; path = del_impl.cpp; sourceTree = "<group>"; };
		0E4C31FA1E2196EA006B5AE4 /* ofxTriangle.cpp */ = {isa = PBXFileReference; fileEncoding = 4; lastKnownFileType = sourcecode.cpp.cpp; path = ofxTriangle.cpp; sourceTree = "<group>"; };
		0E4C31FB1E2196EA006B5AE4 /* ofxTriangle.h */ = {isa = PBXFileReference; fileEncoding = 4; lastKnownFileType = sourcecode.c.h; path = ofxTriangle.h; sourceTree = "<group>"; };
		0E4C32081E229D6D006B5AE4 /* Options.mm */ = {isa = PBXFileReference; fileEncoding = 4; lastKnownFileType = sourcecode.cpp.objcpp; path = Options.mm; sourceTree = "<group>"; };
		0E4C32091E229D6D006B5AE4 /* Options.h */ = {isa = PBXFileReference; fileEncoding = 4; lastKnownFileType = sourcecode.c.h; path = Options.h; sourceTree = "<group>"; };
		0E4C320B1E229DDA006B5AE4 /* SceneMenu.mm */ = {isa = PBXFileReference; fileEncoding = 4; lastKnownFileType = sourcecode.cpp.objcpp; path = SceneMenu.mm; sourceTree = "<group>"; };
		0E4C320C1E229DDA006B5AE4 /* SceneMenu.h */ = {isa = PBXFileReference; fileEncoding = 4; lastKnownFileType = sourcecode.c.h; path = SceneMenu.h; sourceTree = "<group>"; };
		0E9BFF8E1E043B97007F9857 /* GameManager.mm */ = {isa = PBXFileReference; fileEncoding = 4; lastKnownFileType = sourcecode.cpp.objcpp; path = GameManager.mm; sourceTree = "<group>"; };
		0E9BFF8F1E043B97007F9857 /* GameManager.h */ = {isa = PBXFileReference; fileEncoding = 4; lastKnownFileType = sourcecode.c.h; path = GameManager.h; sourceTree = "<group>"; };
		0E9BFF911E043DF1007F9857 /* Button.mm */ = {isa = PBXFileReference; fileEncoding = 4; lastKnownFileType = sourcecode.cpp.objcpp; path = Button.mm; sourceTree = "<group>"; };
		0E9BFF921E043DF1007F9857 /* Button.h */ = {isa = PBXFileReference; fileEncoding = 4; lastKnownFileType = sourcecode.c.h; path = Button.h; sourceTree = "<group>"; };
		0E9BFF951E0442A3007F9857 /* Interface.mm */ = {isa = PBXFileReference; fileEncoding = 4; lastKnownFileType = sourcecode.cpp.objcpp; path = Interface.mm; sourceTree = "<group>"; };
		0E9BFF961E0442A3007F9857 /* Interface.h */ = {isa = PBXFileReference; fileEncoding = 4; lastKnownFileType = sourcecode.c.h; path = Interface.h; sourceTree = "<group>"; };
		0E9BFF981E053B07007F9857 /* Screen.mm */ = {isa = PBXFileReference; fileEncoding = 4; lastKnownFileType = sourcecode.cpp.objcpp; path = Screen.mm; sourceTree = "<group>"; };
		0E9BFF991E053B07007F9857 /* Screen.h */ = {isa = PBXFileReference; fileEncoding = 4; lastKnownFileType = sourcecode.c.h; path = Screen.h; sourceTree = "<group>"; };
		0E9BFF9D1E053C25007F9857 /* Menu.mm */ = {isa = PBXFileReference; fileEncoding = 4; lastKnownFileType = sourcecode.cpp.objcpp; path = Menu.mm; sourceTree = "<group>"; };
		0E9BFF9E1E053C25007F9857 /* Menu.h */ = {isa = PBXFileReference; fileEncoding = 4; lastKnownFileType = sourcecode.c.h; path = Menu.h; sourceTree = "<group>"; };
		0E9BFFA01E055051007F9857 /* ScreenPipeline.mm */ = {isa = PBXFileReference; fileEncoding = 4; lastKnownFileType = sourcecode.cpp.objcpp; path = ScreenPipeline.mm; sourceTree = "<group>"; };
		0E9BFFA11E055051007F9857 /* ScreenPipeline.h */ = {isa = PBXFileReference; fileEncoding = 4; lastKnownFileType = sourcecode.c.h; path = ScreenPipeline.h; sourceTree = "<group>"; };
		0E9BFFA51E0553D9007F9857 /* SplashScreen.mm */ = {isa = PBXFileReference; fileEncoding = 4; lastKnownFileType = sourcecode.cpp.objcpp; path = SplashScreen.mm; sourceTree = "<group>"; };
		0E9BFFA61E0553D9007F9857 /* SplashScreen.h */ = {isa = PBXFileReference; fileEncoding = 4; lastKnownFileType = sourcecode.c.h; path = SplashScreen.h; sourceTree = "<group>"; };
		0E9BFFAD1E055958007F9857 /* Scene.mm */ = {isa = PBXFileReference; fileEncoding = 4; lastKnownFileType = sourcecode.cpp.objcpp; path = Scene.mm; sourceTree = "<group>"; };
		0E9BFFAE1E055958007F9857 /* Scene.h */ = {isa = PBXFileReference; fileEncoding = 4; lastKnownFileType = sourcecode.c.h; path = Scene.h; sourceTree = "<group>"; };
		0EEE15F81E24453D0055CD18 /* NextLevel.mm */ = {isa = PBXFileReference; fileEncoding = 4; lastKnownFileType = sourcecode.cpp.objcpp; path = NextLevel.mm; sourceTree = "<group>"; };
		0EEE15F91E24453D0055CD18 /* NextLevel.h */ = {isa = PBXFileReference; fileEncoding = 4; lastKnownFileType = sourcecode.c.h; path = NextLevel.h; sourceTree = "<group>"; };
		0EEE15FB1E2449A10055CD18 /* End.mm */ = {isa = PBXFileReference; fileEncoding = 4; lastKnownFileType = sourcecode.cpp.objcpp; path = End.mm; sourceTree = "<group>"; };
		0EEE15FC1E2449A10055CD18 /* End.h */ = {isa = PBXFileReference; fileEncoding = 4; lastKnownFileType = sourcecode.c.h; path = End.h; sourceTree = "<group>"; };
		1D30AB110D05D00D00671497 /* Foundation.framework */ = {isa = PBXFileReference; lastKnownFileType = wrapper.framework; name = Foundation.framework; path = System/Library/Frameworks/Foundation.framework; sourceTree = SDKROOT; };
		1D6058910D05DD3D006BFB54 /* FLOW.app */ = {isa = PBXFileReference; explicitFileType = wrapper.application; includeInIndex = 0; path = FLOW.app; sourceTree = BUILT_PRODUCTS_DIR; };
		1DF5F4DF0D08C38300B7A737 /* UIKit.framework */ = {isa = PBXFileReference; lastKnownFileType = wrapper.framework; name = UIKit.framework; path = System/Library/Frameworks/UIKit.framework; sourceTree = SDKROOT; };
		288765FC0DF74451002DB57D /* CoreGraphics.framework */ = {isa = PBXFileReference; lastKnownFileType = wrapper.framework; name = CoreGraphics.framework; path = System/Library/Frameworks/CoreGraphics.framework; sourceTree = SDKROOT; };
		32CA4F630368D1EE00C91783 /* ofxiOS_Prefix.pch */ = {isa = PBXFileReference; fileEncoding = 4; lastKnownFileType = sourcecode.c.h; path = ofxiOS_Prefix.pch; sourceTree = "<group>"; };
		5326AEA710A23A0500278DE6 /* CoreLocation.framework */ = {isa = PBXFileReference; lastKnownFileType = wrapper.framework; name = CoreLocation.framework; path = System/Library/Frameworks/CoreLocation.framework; sourceTree = SDKROOT; };
		53F323EA10A20EDB00E0DAE4 /* OpenAL.framework */ = {isa = PBXFileReference; lastKnownFileType = wrapper.framework; name = OpenAL.framework; path = System/Library/Frameworks/OpenAL.framework; sourceTree = SDKROOT; };
		60593CBE25AC1C70CAC30066 /* tinyxml.h */ = {isa = PBXFileReference; explicitFileType = sourcecode.c.h; fileEncoding = 30; name = tinyxml.h; path = ../../../../../../Code/OpenFrameworks/of_v0.9.8_ios_release/addons/ofxXmlSettings/libs/tinyxml.h; sourceTree = SOURCE_ROOT; };
		678E130717951530005B6D19 /* Icon@2x.png */ = {isa = PBXFileReference; lastKnownFileType = image.png; name = "Icon@2x.png"; path = "bin/data/Icon@2x.png"; sourceTree = "<group>"; };
		678E130917951536005B6D19 /* Icon.png */ = {isa = PBXFileReference; lastKnownFileType = image.png; name = Icon.png; path = bin/data/Icon.png; sourceTree = "<group>"; };
		678E130B1795153C005B6D19 /* Default.png */ = {isa = PBXFileReference; lastKnownFileType = image.png; name = Default.png; path = bin/data/Default.png; sourceTree = "<group>"; };
		678E130D17951540005B6D19 /* Default@2x.png */ = {isa = PBXFileReference; lastKnownFileType = image.png; name = "Default@2x.png"; path = "bin/data/Default@2x.png"; sourceTree = "<group>"; };
		678E130F17951549005B6D19 /* Default-568h@2x~iphone.png */ = {isa = PBXFileReference; lastKnownFileType = image.png; name = "Default-568h@2x~iphone.png"; path = "bin/data/Default-568h@2x~iphone.png"; sourceTree = "<group>"; };
		67DFA53419F92A5E003B3434 /* Accelerate.framework */ = {isa = PBXFileReference; lastKnownFileType = wrapper.framework; name = Accelerate.framework; path = System/Library/Frameworks/Accelerate.framework; sourceTree = SDKROOT; };
		838641676071429BC0FDDF2F /* ofxXmlSettings.cpp */ = {isa = PBXFileReference; explicitFileType = sourcecode.cpp.cpp; fileEncoding = 30; name = ofxXmlSettings.cpp; path = ../../../../../../Code/OpenFrameworks/of_v0.9.8_ios_release/addons/ofxXmlSettings/src/ofxXmlSettings.cpp; sourceTree = SOURCE_ROOT; };
		ADF09787D5B235F9D9229EA1 /* tinyxmlparser.cpp */ = {isa = PBXFileReference; explicitFileType = sourcecode.cpp.cpp; fileEncoding = 30; name = tinyxmlparser.cpp; path = ../../../../../../Code/OpenFrameworks/of_v0.9.8_ios_release/addons/ofxXmlSettings/libs/tinyxmlparser.cpp; sourceTree = SOURCE_ROOT; };
		BB16EBD10F2B2A9500518274 /* OpenGLES.framework */ = {isa = PBXFileReference; lastKnownFileType = wrapper.framework; name = OpenGLES.framework; path = System/Library/Frameworks/OpenGLES.framework; sourceTree = SDKROOT; };
		BB16EBD80F2B2AB500518274 /* QuartzCore.framework */ = {isa = PBXFileReference; lastKnownFileType = wrapper.framework; name = QuartzCore.framework; path = System/Library/Frameworks/QuartzCore.framework; sourceTree = SDKROOT; };
		BB24DDC910DA781C00E9C588 /* ofxiOS-Info.plist */ = {isa = PBXFileReference; fileEncoding = 4; lastKnownFileType = text.plist.xml; path = "ofxiOS-Info.plist"; sourceTree = "<group>"; };
		BBE5EAB70F49AD8400F28951 /* AudioToolbox.framework */ = {isa = PBXFileReference; lastKnownFileType = wrapper.framework; name = AudioToolbox.framework; path = System/Library/Frameworks/AudioToolbox.framework; sourceTree = SDKROOT; };
		CBB64D2C25429FDFC72F13CE /* tinyxmlerror.cpp */ = {isa = PBXFileReference; explicitFileType = sourcecode.cpp.cpp; fileEncoding = 30; name = tinyxmlerror.cpp; path = ../../../../../../Code/OpenFrameworks/of_v0.9.8_ios_release/addons/ofxXmlSettings/libs/tinyxmlerror.cpp; sourceTree = SOURCE_ROOT; };
		CD77454BF67185C4433C457C /* ofxXmlSettings.h */ = {isa = PBXFileReference; explicitFileType = sourcecode.c.h; fileEncoding = 30; name = ofxXmlSettings.h; path = ../../../../../../Code/OpenFrameworks/of_v0.9.8_ios_release/addons/ofxXmlSettings/src/ofxXmlSettings.h; sourceTree = SOURCE_ROOT; };
		E41D3ED613B38FB500A75A5D /* Project.xcconfig */ = {isa = PBXFileReference; fileEncoding = 4; lastKnownFileType = text.xcconfig; path = Project.xcconfig; sourceTree = "<group>"; };
		E41D3EE513B3906D00A75A5D /* CoreOF.xcconfig */ = {isa = PBXFileReference; fileEncoding = 4; lastKnownFileType = text.xcconfig; name = CoreOF.xcconfig; path = ../../../../../../Code/OpenFrameworks/of_v0.9.8_ios_release/libs/openFrameworksCompiled/project/ios/CoreOF.xcconfig; sourceTree = SOURCE_ROOT; };
		E41D400613B39D2100A75A5D /* AVFoundation.framework */ = {isa = PBXFileReference; lastKnownFileType = wrapper.framework; name = AVFoundation.framework; path = System/Library/Frameworks/AVFoundation.framework; sourceTree = SDKROOT; };
		E41D400713B39D2100A75A5D /* CoreMedia.framework */ = {isa = PBXFileReference; lastKnownFileType = wrapper.framework; name = CoreMedia.framework; path = System/Library/Frameworks/CoreMedia.framework; sourceTree = SDKROOT; };
		E41D400813B39D2100A75A5D /* CoreVideo.framework */ = {isa = PBXFileReference; lastKnownFileType = wrapper.framework; name = CoreVideo.framework; path = System/Library/Frameworks/CoreVideo.framework; sourceTree = SDKROOT; };
		E41D400913B39D2100A75A5D /* MapKit.framework */ = {isa = PBXFileReference; lastKnownFileType = wrapper.framework; name = MapKit.framework; path = System/Library/Frameworks/MapKit.framework; sourceTree = SDKROOT; };
		E41D40FD13B3A0D800A75A5D /* iOS+OFLib.xcodeproj */ = {isa = PBXFileReference; lastKnownFileType = "wrapper.pb-project"; name = "iOS+OFLib.xcodeproj"; path = "../../../../../../Code/OpenFrameworks/of_v0.9.8_ios_release/libs/openFrameworksCompiled/project/ios/iOS+OFLib.xcodeproj"; sourceTree = SOURCE_ROOT; };
		E4A823A312561BE3002F86A2 /* CoreGraphics.framework */ = {isa = PBXFileReference; lastKnownFileType = wrapper.framework; name = CoreGraphics.framework; path = System/Library/Frameworks/CoreGraphics.framework; sourceTree = SDKROOT; };
		E4D8936B11527B74007E1F53 /* main.mm */ = {isa = PBXFileReference; fileEncoding = 4; lastKnownFileType = sourcecode.cpp.objcpp; name = main.mm; path = src/main.mm; sourceTree = SOURCE_ROOT; };
		E4D8936C11527B74007E1F53 /* ofApp.h */ = {isa = PBXFileReference; fileEncoding = 4; lastKnownFileType = sourcecode.c.h; name = ofApp.h; path = src/ofApp.h; sourceTree = SOURCE_ROOT; };
		E4D8936D11527B74007E1F53 /* ofApp.mm */ = {isa = PBXFileReference; fileEncoding = 4; lastKnownFileType = sourcecode.cpp.objcpp; name = ofApp.mm; path = src/ofApp.mm; sourceTree = SOURCE_ROOT; };
/* End PBXFileReference section */

/* Begin PBXFrameworksBuildPhase section */
		1D60588F0D05DD3D006BFB54 /* Frameworks */ = {
			isa = PBXFrameworksBuildPhase;
			buildActionMask = 2147483647;
			files = (
				E41D421413B3A95300A75A5D /* libofxiOS_iphoneos_Debug.a in Frameworks */,
				1D60589F0D05DD5A006BFB54 /* Foundation.framework in Frameworks */,
				1DF5F4E00D08C38300B7A737 /* UIKit.framework in Frameworks */,
				288765FD0DF74451002DB57D /* CoreGraphics.framework in Frameworks */,
				BB16EBD20F2B2A9500518274 /* OpenGLES.framework in Frameworks */,
				BB16EBD90F2B2AB500518274 /* QuartzCore.framework in Frameworks */,
				BBE5EAB80F49AD8400F28951 /* AudioToolbox.framework in Frameworks */,
				53F323EB10A20EDB00E0DAE4 /* OpenAL.framework in Frameworks */,
				5326AEA810A23A0500278DE6 /* CoreLocation.framework in Frameworks */,
				E41D400B13B39D2100A75A5D /* AVFoundation.framework in Frameworks */,
				E41D400C13B39D2100A75A5D /* CoreMedia.framework in Frameworks */,
				E41D400D13B39D2100A75A5D /* CoreVideo.framework in Frameworks */,
				E41D400E13B39D2100A75A5D /* MapKit.framework in Frameworks */,
				67DFA53619F92A69003B3434 /* Accelerate.framework in Frameworks */,
			);
			runOnlyForDeploymentPostprocessing = 0;
		};
/* End PBXFrameworksBuildPhase section */

/* Begin PBXGroup section */
		0E4C31E81E1FFF25006B5AE4 /* Sounds */ = {
			isa = PBXGroup;
			children = (
			);
			name = Sounds;
			sourceTree = "<group>";
		};
		0E4C31EE1E2196EA006B5AE4 /* libs */ = {
			isa = PBXGroup;
			children = (
				0E4C31EF1E2196EA006B5AE4 /* Triangle */,
			);
			name = libs;
			path = "../../../../../../Code/OpenFrameworks/of_v0.9.8_ios_release/addons/ofxTriangle-master/libs";
			sourceTree = "<group>";
		};
		0E4C31EF1E2196EA006B5AE4 /* Triangle */ = {
			isa = PBXGroup;
			children = (
				0E4C31F01E2196EA006B5AE4 /* include */,
				0E4C31F61E2196EA006B5AE4 /* src */,
			);
			path = Triangle;
			sourceTree = "<group>";
		};
		0E4C31F01E2196EA006B5AE4 /* include */ = {
			isa = PBXGroup;
			children = (
				0E4C31F11E2196EA006B5AE4 /* assert.hpp */,
				0E4C31F21E2196EA006B5AE4 /* del_interface.hpp */,
				0E4C31F31E2196EA006B5AE4 /* dpoint.hpp */,
				0E4C31F41E2196EA006B5AE4 /* triangle.h */,
				0E4C31F51E2196EA006B5AE4 /* triangle_impl.hpp */,
			);
			path = include;
			sourceTree = "<group>";
		};
		0E4C31F61E2196EA006B5AE4 /* src */ = {
			isa = PBXGroup;
			children = (
				0E4C31F71E2196EA006B5AE4 /* assert.cpp */,
				0E4C31F81E2196EA006B5AE4 /* del_impl.cpp */,
			);
			path = src;
			sourceTree = "<group>";
		};
		0E4C31F91E2196EA006B5AE4 /* src */ = {
			isa = PBXGroup;
			children = (
				0E4C31FA1E2196EA006B5AE4 /* ofxTriangle.cpp */,
				0E4C31FB1E2196EA006B5AE4 /* ofxTriangle.h */,
			);
			name = src;
			path = "../../../../../../Code/OpenFrameworks/of_v0.9.8_ios_release/addons/ofxTriangle-master/src";
			sourceTree = "<group>";
		};
		0E4C32001E2196FA006B5AE4 /* ofxTriangle-master */ = {
			isa = PBXGroup;
			children = (
				0E4C31EE1E2196EA006B5AE4 /* libs */,
				0E4C31F91E2196EA006B5AE4 /* src */,
			);
			name = "ofxTriangle-master";
			sourceTree = "<group>";
		};
		0E9BFF941E043DFB007F9857 /* GUI */ = {
			isa = PBXGroup;
			children = (
				0E9BFF911E043DF1007F9857 /* Button.mm */,
				0E9BFF921E043DF1007F9857 /* Button.h */,
				0E9BFF951E0442A3007F9857 /* Interface.mm */,
				0E9BFF961E0442A3007F9857 /* Interface.h */,
				0E22F05C1E0A8A8500197899 /* Text.mm */,
				0E22F05D1E0A8A8500197899 /* Text.h */,
			);
			name = GUI;
			sourceTree = "<group>";
		};
		0E9BFF9B1E053B0E007F9857 /* Utils */ = {
			isa = PBXGroup;
			children = (
				0E9BFF981E053B07007F9857 /* Screen.mm */,
				0E9BFF991E053B07007F9857 /* Screen.h */,
				0E9BFFA01E055051007F9857 /* ScreenPipeline.mm */,
				0E9BFFA11E055051007F9857 /* ScreenPipeline.h */,
			);
			name = Utils;
			sourceTree = "<group>";
		};
		0E9BFF9C1E053BFD007F9857 /* Screens */ = {
			isa = PBXGroup;
			children = (
				0E9BFF9D1E053C25007F9857 /* Menu.mm */,
				0E9BFF9E1E053C25007F9857 /* Menu.h */,
				0E9BFFA51E0553D9007F9857 /* SplashScreen.mm */,
				0E9BFFA61E0553D9007F9857 /* SplashScreen.h */,
				0E4C31DD1E1EC7B0006B5AE4 /* Levels.mm */,
				0E4C31DE1E1EC7B0006B5AE4 /* Levels.h */,
				0E4C32081E229D6D006B5AE4 /* Options.mm */,
				0E4C32091E229D6D006B5AE4 /* Options.h */,
				0E4C320B1E229DDA006B5AE4 /* SceneMenu.mm */,
				0E4C320C1E229DDA006B5AE4 /* SceneMenu.h */,
				0EEE15F81E24453D0055CD18 /* NextLevel.mm */,
				0EEE15F91E24453D0055CD18 /* NextLevel.h */,
				0EEE15FB1E2449A10055CD18 /* End.mm */,
				0EEE15FC1E2449A10055CD18 /* End.h */,
			);
			name = Screens;
			sourceTree = "<group>";
		};
		0E9BFFA81E055548007F9857 /* Game elements */ = {
			isa = PBXGroup;
			children = (
				0E078B721E16772F004595EF /* BaseElement.mm */,
				0E078B731E16772F004595EF /* BaseElement.h */,
				0E078B741E16772F004595EF /* Particle.mm */,
				0E078B751E16772F004595EF /* Particle.h */,
				0E078B761E16772F004595EF /* ParticleSystem.mm */,
				0E078B771E16772F004595EF /* ParticleSystem.h */,
				0E078B781E16772F004595EF /* Actuator.mm */,
				0E078B791E16772F004595EF /* Actuator.h */,
				0E078B7C1E16772F004595EF /* Polygone.mm */,
				0E078B7D1E16772F004595EF /* Polygone.h */,
				0E078B871E168984004595EF /* Receptor.mm */,
				0E078B881E168984004595EF /* Receptor.h */,
			);
			name = "Game elements";
			sourceTree = "<group>";
		};
		0E9BFFA91E055555007F9857 /* Scenes */ = {
			isa = PBXGroup;
			children = (
				0E9BFFAD1E055958007F9857 /* Scene.mm */,
				0E9BFFAE1E055958007F9857 /* Scene.h */,
			);
			name = Scenes;
			sourceTree = "<group>";
		};
		19C28FACFE9D520D11CA2CBB /* Products */ = {
			isa = PBXGroup;
			children = (
				1D6058910D05DD3D006BFB54 /* FLOW.app */,
			);
			name = Products;
			sourceTree = "<group>";
		};
		1F4FB5C423662B96ADFDCC0B /* ofxXmlSettings */ = {
			isa = PBXGroup;
			children = (
				6ECEF0D76BC33727823EADFF /* src */,
				6E54289412D2D94F45A05113 /* libs */,
			);
			name = ofxXmlSettings;
			sourceTree = "<group>";
		};
		29B97314FDCFA39411CA2CEA /* CustomTemplate */ = {
			isa = PBXGroup;
			children = (
				0E2775A81E196FC200A9BD2D /* data */,
				678E130917951536005B6D19 /* Icon.png */,
				678E130717951530005B6D19 /* Icon@2x.png */,
				678E130B1795153C005B6D19 /* Default.png */,
				678E130D17951540005B6D19 /* Default@2x.png */,
				678E130F17951549005B6D19 /* Default-568h@2x~iphone.png */,
				E4D8936A11527B74007E1F53 /* src */,
				BB24E1F710DAA51900E9C588 /* openFrameworks */,
				BB16F26B0F2B646B00518274 /* addons */,
				BB16E9930F2B1E5900518274 /* libs */,
				19C28FACFE9D520D11CA2CBB /* Products */,
			);
			name = CustomTemplate;
			sourceTree = "<group>";
		};
		29B97323FDCFA39411CA2CEA /* core frameworks */ = {
			isa = PBXGroup;
			children = (
				E41D400613B39D2100A75A5D /* AVFoundation.framework */,
				E41D400713B39D2100A75A5D /* CoreMedia.framework */,
				E41D400813B39D2100A75A5D /* CoreVideo.framework */,
				E41D400913B39D2100A75A5D /* MapKit.framework */,
				53F323EA10A20EDB00E0DAE4 /* OpenAL.framework */,
				E4A823A312561BE3002F86A2 /* CoreGraphics.framework */,
				BBE5EAB70F49AD8400F28951 /* AudioToolbox.framework */,
				BB16EBD80F2B2AB500518274 /* QuartzCore.framework */,
				BB16EBD10F2B2A9500518274 /* OpenGLES.framework */,
				1DF5F4DF0D08C38300B7A737 /* UIKit.framework */,
				1D30AB110D05D00D00671497 /* Foundation.framework */,
				288765FC0DF74451002DB57D /* CoreGraphics.framework */,
				5326AEA710A23A0500278DE6 /* CoreLocation.framework */,
				67DFA53419F92A5E003B3434 /* Accelerate.framework */,
			);
			name = "core frameworks";
			sourceTree = "<group>";
		};
		6948EE371B920CB800B5AC1A /* local_addons */ = {
			isa = PBXGroup;
			children = (
			);
			name = local_addons;
			sourceTree = "<group>";
		};
		6E54289412D2D94F45A05113 /* libs */ = {
			isa = PBXGroup;
			children = (
				01BFB02058838D6D4FB2BDEF /* tinyxml.cpp */,
				60593CBE25AC1C70CAC30066 /* tinyxml.h */,
				CBB64D2C25429FDFC72F13CE /* tinyxmlerror.cpp */,
				ADF09787D5B235F9D9229EA1 /* tinyxmlparser.cpp */,
			);
			name = libs;
			sourceTree = "<group>";
		};
		6ECEF0D76BC33727823EADFF /* src */ = {
			isa = PBXGroup;
			children = (
				838641676071429BC0FDDF2F /* ofxXmlSettings.cpp */,
				CD77454BF67185C4433C457C /* ofxXmlSettings.h */,
			);
			name = src;
			sourceTree = "<group>";
		};
		BB16E9930F2B1E5900518274 /* libs */ = {
			isa = PBXGroup;
			children = (
				BBE5E94E0F497BD800F28951 /* core */,
			);
			name = libs;
			sourceTree = "<group>";
		};
		BB16F26B0F2B646B00518274 /* addons */ = {
			isa = PBXGroup;
			children = (
				0E4C32001E2196FA006B5AE4 /* ofxTriangle-master */,
				1F4FB5C423662B96ADFDCC0B /* ofxXmlSettings */,
			);
			name = addons;
			sourceTree = "<group>";
		};
		BB24E1F710DAA51900E9C588 /* openFrameworks */ = {
			isa = PBXGroup;
			children = (
				E41D40FD13B3A0D800A75A5D /* iOS+OFLib.xcodeproj */,
				32CA4F630368D1EE00C91783 /* ofxiOS_Prefix.pch */,
				BB24DDC910DA781C00E9C588 /* ofxiOS-Info.plist */,
				E41D3EE513B3906D00A75A5D /* CoreOF.xcconfig */,
				6948EE371B920CB800B5AC1A /* local_addons */,
				E41D3ED613B38FB500A75A5D /* Project.xcconfig */,
			);
			name = openFrameworks;
			sourceTree = "<group>";
		};
		BBE5E94E0F497BD800F28951 /* core */ = {
			isa = PBXGroup;
			children = (
				29B97323FDCFA39411CA2CEA /* core frameworks */,
			);
			name = core;
			sourceTree = "<group>";
		};
		E41D40FE13B3A0D800A75A5D /* Products */ = {
			isa = PBXGroup;
			children = (
				E41D410213B3A0D800A75A5D /* libofxiOS_iphoneos_Debug.a */,
			);
			name = Products;
			sourceTree = "<group>";
		};
		E4D8936A11527B74007E1F53 /* src */ = {
			isa = PBXGroup;
			children = (
				E4D8936B11527B74007E1F53 /* main.mm */,
				E4D8936D11527B74007E1F53 /* ofApp.mm */,
				E4D8936C11527B74007E1F53 /* ofApp.h */,
				0E9BFF8E1E043B97007F9857 /* GameManager.mm */,
				0E9BFF8F1E043B97007F9857 /* GameManager.h */,
				0E9BFFA91E055555007F9857 /* Scenes */,
				0E9BFFA81E055548007F9857 /* Game elements */,
				0E9BFF9C1E053BFD007F9857 /* Screens */,
				0E9BFF941E043DFB007F9857 /* GUI */,
				0E9BFF9B1E053B0E007F9857 /* Utils */,
				0E4C31E81E1FFF25006B5AE4 /* Sounds */,
			);
			path = src;
			sourceTree = SOURCE_ROOT;
		};
/* End PBXGroup section */

/* Begin PBXNativeTarget section */
		1D6058900D05DD3D006BFB54 /* FLOW */ = {
			isa = PBXNativeTarget;
			buildConfigurationList = 1D6058960D05DD3E006BFB54 /* Build configuration list for PBXNativeTarget "FLOW" */;
			buildPhases = (
				1D60588D0D05DD3D006BFB54 /* Resources */,
				1D60588E0D05DD3D006BFB54 /* Sources */,
				1D60588F0D05DD3D006BFB54 /* Frameworks */,
				9255DD331112741900D6945E /* ShellScript */,
			);
			buildRules = (
			);
			dependencies = (
				E41D410413B3A11300A75A5D /* PBXTargetDependency */,
			);
			name = FLOW;
			productName = iPhone;
			productReference = 1D6058910D05DD3D006BFB54 /* FLOW.app */;
			productType = "com.apple.product-type.application";
		};
/* End PBXNativeTarget section */

/* Begin PBXProject section */
		29B97313FDCFA39411CA2CEA /* Project object */ = {
			isa = PBXProject;
			attributes = {
				LastUpgradeCheck = 0600;
				TargetAttributes = {
					1D6058900D05DD3D006BFB54 = {
						DevelopmentTeam = 9V7Y8WTPZV;
						SystemCapabilities = {
							com.apple.Push = {
								enabled = 0;
							};
						};
					};
				};
			};
			buildConfigurationList = C01FCF4E08A954540054247B /* Build configuration list for PBXProject "FLOW" */;
			compatibilityVersion = "Xcode 3.2";
			developmentRegion = English;
			hasScannedForEncodings = 1;
			knownRegions = (
				English,
				Japanese,
				French,
				German,
			);
			mainGroup = 29B97314FDCFA39411CA2CEA /* CustomTemplate */;
			projectDirPath = "";
			projectReferences = (
				{
					ProductGroup = E41D40FE13B3A0D800A75A5D /* Products */;
					ProjectRef = E41D40FD13B3A0D800A75A5D /* iOS+OFLib.xcodeproj */;
				},
			);
			projectRoot = "";
			targets = (
				1D6058900D05DD3D006BFB54 /* FLOW */,
			);
		};
/* End PBXProject section */

/* Begin PBXReferenceProxy section */
		E41D410213B3A0D800A75A5D /* libofxiOS_iphoneos_Debug.a */ = {
			isa = PBXReferenceProxy;
			fileType = archive.ar;
			path = libofxiOS_iphoneos_Debug.a;
			remoteRef = E41D410113B3A0D800A75A5D /* PBXContainerItemProxy */;
			sourceTree = BUILT_PRODUCTS_DIR;
		};
/* End PBXReferenceProxy section */

/* Begin PBXResourcesBuildPhase section */
		1D60588D0D05DD3D006BFB54 /* Resources */ = {
			isa = PBXResourcesBuildPhase;
			buildActionMask = 2147483647;
			files = (
				678E130817951530005B6D19 /* Icon@2x.png in Resources */,
				0E2775A91E196FC200A9BD2D /* data in Resources */,
				678E130A17951536005B6D19 /* Icon.png in Resources */,
				678E130C1795153C005B6D19 /* Default.png in Resources */,
				678E130E17951540005B6D19 /* Default@2x.png in Resources */,
				678E131017951549005B6D19 /* Default-568h@2x~iphone.png in Resources */,
			);
			runOnlyForDeploymentPostprocessing = 0;
		};
/* End PBXResourcesBuildPhase section */

/* Begin PBXShellScriptBuildPhase section */
		9255DD331112741900D6945E /* ShellScript */ = {
			isa = PBXShellScriptBuildPhase;
			buildActionMask = 2147483647;
			files = (
			);
			inputPaths = (
			);
			outputPaths = (
			);
			runOnlyForDeploymentPostprocessing = 0;
			shellPath = /bin/sh;
			shellScript = "rsync -avz --exclude='.DS_Store' \"${SRCROOT}/bin/data/\" \"${TARGET_BUILD_DIR}/${UNLOCALIZED_RESOURCES_FOLDER_PATH}\"";
		};
/* End PBXShellScriptBuildPhase section */

/* Begin PBXSourcesBuildPhase section */
		1D60588E0D05DD3D006BFB54 /* Sources */ = {
			isa = PBXSourcesBuildPhase;
			buildActionMask = 2147483647;
			files = (
				0E4C320D1E229DDA006B5AE4 /* SceneMenu.mm in Sources */,
				0E4C31FE1E2196EA006B5AE4 /* ofxTriangle.cpp in Sources */,
				0E9BFF901E043B97007F9857 /* GameManager.mm in Sources */,
				E4D8936E11527B74007E1F53 /* main.mm in Sources */,
				E4D8936F11527B74007E1F53 /* ofApp.mm in Sources */,
				0E4C320A1E229D6D006B5AE4 /* Options.mm in Sources */,
				0E9BFFAF1E055958007F9857 /* Scene.mm in Sources */,
				0E4C31DF1E1EC7B0006B5AE4 /* Levels.mm in Sources */,
				0E9BFF971E0442A3007F9857 /* Interface.mm in Sources */,
				DDA2E262B07659E1DBBB4D5E /* ofxXmlSettings.cpp in Sources */,
				0E9BFFA21E055051007F9857 /* ScreenPipeline.mm in Sources */,
				0E9BFF9F1E053C25007F9857 /* Menu.mm in Sources */,
				0E4C31FC1E2196EA006B5AE4 /* assert.cpp in Sources */,
				0E078B801E16772F004595EF /* ParticleSystem.mm in Sources */,
				0E4C31FD1E2196EA006B5AE4 /* del_impl.cpp in Sources */,
				0E078B7F1E16772F004595EF /* Particle.mm in Sources */,
				0E078B831E16772F004595EF /* Polygone.mm in Sources */,
				0EEE15FA1E24453D0055CD18 /* NextLevel.mm in Sources */,
				0E078B891E168984004595EF /* Receptor.mm in Sources */,
				0E9BFF9A1E053B07007F9857 /* Screen.mm in Sources */,
				0EEE15FD1E2449A10055CD18 /* End.mm in Sources */,
				0E078B811E16772F004595EF /* Actuator.mm in Sources */,
				C32E84B046A417CA7171613C /* tinyxml.cpp in Sources */,
				F00B7884241FB2CD87F076E0 /* tinyxmlerror.cpp in Sources */,
				0E078B7E1E16772F004595EF /* BaseElement.mm in Sources */,
				0E9BFFA71E0553D9007F9857 /* SplashScreen.mm in Sources */,
				0277A21A660EFCF41027A1B3 /* tinyxmlparser.cpp in Sources */,
				0E22F05E1E0A8A8500197899 /* Text.mm in Sources */,
				0E9BFF931E043DF1007F9857 /* Button.mm in Sources */,
			);
			runOnlyForDeploymentPostprocessing = 0;
		};
/* End PBXSourcesBuildPhase section */

/* Begin PBXTargetDependency section */
		E41D410413B3A11300A75A5D /* PBXTargetDependency */ = {
			isa = PBXTargetDependency;
			name = "iPhone+OF Static Library";
			targetProxy = E41D410313B3A11300A75A5D /* PBXContainerItemProxy */;
		};
/* End PBXTargetDependency section */

/* Begin XCBuildConfiguration section */
		1D6058940D05DD3E006BFB54 /* Debug */ = {
			isa = XCBuildConfiguration;
			buildSettings = {
				ALWAYS_SEARCH_USER_PATHS = NO;
				CODE_SIGN_IDENTITY = "iPhone Developer";
				"CODE_SIGN_IDENTITY[sdk=iphoneos*]" = "iPhone Developer";
				GCC_PRECOMPILE_PREFIX_HEADER = YES;
				GCC_PREFIX_HEADER = ofxiOS_Prefix.pch;
				"GCC_WARN_64_TO_32_BIT_CONVERSION[arch=*64]" = NO;
				INFOPLIST_FILE = "ofxiOS-Info.plist";
				IPHONEOS_DEPLOYMENT_TARGET = 6.1;
				PRODUCT_NAME = FLOW;
				PROVISIONING_PROFILE = "";
				TARGETED_DEVICE_FAMILY = "1,2";
				VALID_ARCHS = "$(ARCHS_STANDARD)";
			};
			name = Debug;
		};
		1D6058950D05DD3E006BFB54 /* Release */ = {
			isa = XCBuildConfiguration;
			buildSettings = {
				CODE_SIGN_IDENTITY = "iPhone Developer";
				"CODE_SIGN_IDENTITY[sdk=iphoneos*]" = "iPhone Developer";
				GCC_PRECOMPILE_PREFIX_HEADER = YES;
				GCC_PREFIX_HEADER = ofxiOS_Prefix.pch;
				"GCC_WARN_64_TO_32_BIT_CONVERSION[arch=*64]" = NO;
				INFOPLIST_FILE = "ofxiOS-Info.plist";
				IPHONEOS_DEPLOYMENT_TARGET = 6.1;
				PRODUCT_NAME = FLOW;
				PROVISIONING_PROFILE = "";
				TARGETED_DEVICE_FAMILY = "1,2";
				VALID_ARCHS = "$(ARCHS_STANDARD)";
			};
			name = Release;
		};
		C01FCF4F08A954540054247B /* Debug */ = {
			isa = XCBuildConfiguration;
			baseConfigurationReference = E41D3ED613B38FB500A75A5D /* Project.xcconfig */;
			buildSettings = {
				ALWAYS_SEARCH_USER_PATHS = YES;
				CLANG_CXX_LIBRARY = "libc++";
				CODE_SIGN_IDENTITY = "";
				"CODE_SIGN_IDENTITY[sdk=iphoneos*]" = "iPhone Developer";
				"CODE_SIGN_IDENTITY[sdk=iphonesimulator*]" = "";
				COMPRESS_PNG_FILES = NO;
				GCC_C_LANGUAGE_STANDARD = c11;
				GCC_OPTIMIZATION_LEVEL = 0;
				GCC_SYMBOLS_PRIVATE_EXTERN = NO;
				"GCC_WARN_64_TO_32_BIT_CONVERSION[arch=*64]" = NO;
				GCC_WARN_ABOUT_INVALID_OFFSETOF_MACRO = NO;
				GCC_WARN_ABOUT_POINTER_SIGNEDNESS = NO;
				GCC_WARN_ABOUT_RETURN_TYPE = YES;
				GCC_WARN_ALLOW_INCOMPLETE_PROTOCOL = NO;
				GCC_WARN_PROTOTYPE_CONVERSION = NO;
				GCC_WARN_UNUSED_VARIABLE = YES;
				HEADER_SEARCH_PATHS = (
					"$(OF_CORE_HEADERS)",
					../../../../../../Code/OpenFrameworks/of_v0.9.8_ios_release/addons/ofxXmlSettings/libs,
					../../../../../../Code/OpenFrameworks/of_v0.9.8_ios_release/addons/ofxXmlSettings/src,
				);
				IPHONEOS_DEPLOYMENT_TARGET = 5.1.1;
				ONLY_ACTIVE_ARCH = NO;
				"PROVISIONING_PROFILE[sdk=iphoneos*]" = "";
				SDKROOT = iphoneos;
				TARGETED_DEVICE_FAMILY = 1;
				VALID_ARCHS = "$(ARCHS_STANDARD)";
				WARNING_LDFLAGS = "-no_arch_warnings";
			};
			name = Debug;
		};
		C01FCF5008A954540054247B /* Release */ = {
			isa = XCBuildConfiguration;
			baseConfigurationReference = E41D3ED613B38FB500A75A5D /* Project.xcconfig */;
			buildSettings = {
				ALWAYS_SEARCH_USER_PATHS = YES;
				CLANG_CXX_LIBRARY = "libc++";
				CODE_SIGN_IDENTITY = "";
				"CODE_SIGN_IDENTITY[sdk=iphoneos*]" = "iPhone Developer";
				"CODE_SIGN_IDENTITY[sdk=iphonesimulator*]" = "";
				COMPRESS_PNG_FILES = NO;
				GCC_C_LANGUAGE_STANDARD = c11;
				GCC_DYNAMIC_NO_PIC = NO;
				GCC_GENERATE_DEBUGGING_SYMBOLS = NO;
				GCC_OPTIMIZATION_LEVEL = s;
				GCC_SYMBOLS_PRIVATE_EXTERN = NO;
				GCC_THUMB_SUPPORT = NO;
				"GCC_WARN_64_TO_32_BIT_CONVERSION[arch=*64]" = NO;
				GCC_WARN_ABOUT_RETURN_TYPE = YES;
				GCC_WARN_UNUSED_VARIABLE = YES;
				HEADER_SEARCH_PATHS = (
					"$(OF_CORE_HEADERS)",
					../../../../../../Code/OpenFrameworks/of_v0.9.8_ios_release/addons/ofxXmlSettings/libs,
					../../../../../../Code/OpenFrameworks/of_v0.9.8_ios_release/addons/ofxXmlSettings/src,
				);
				IPHONEOS_DEPLOYMENT_TARGET = 5.1.1;
				ONLY_ACTIVE_ARCH = NO;
				SDKROOT = iphoneos;
				TARGETED_DEVICE_FAMILY = 1;
				VALID_ARCHS = "$(ARCHS_STANDARD)";
				WARNING_LDFLAGS = "-no_arch_warnings";
			};
			name = Release;
		};
/* End XCBuildConfiguration section */

/* Begin XCConfigurationList section */
		1D6058960D05DD3E006BFB54 /* Build configuration list for PBXNativeTarget "FLOW" */ = {
			isa = XCConfigurationList;
			buildConfigurations = (
				1D6058940D05DD3E006BFB54 /* Debug */,
				1D6058950D05DD3E006BFB54 /* Release */,
			);
			defaultConfigurationIsVisible = 0;
			defaultConfigurationName = Release;
		};
		C01FCF4E08A954540054247B /* Build configuration list for PBXProject "FLOW" */ = {
			isa = XCConfigurationList;
			buildConfigurations = (
				C01FCF4F08A954540054247B /* Debug */,
				C01FCF5008A954540054247B /* Release */,
			);
			defaultConfigurationIsVisible = 0;
			defaultConfigurationName = Release;
		};
/* End XCConfigurationList section */
	};
	rootObject = 29B97313FDCFA39411CA2CEA /* Project object */;
}
